
Microsoft Visual Studio Solution File, Format Version 12.00
# Visual Studio Version 17
VisualStudioVersion = 17.5.002.0
MinimumVisualStudioVersion = 10.0.40219.1
Project("{9A19103F-16F7-4668-BE54-9A1E7A4F7556}") = "Tanlash-2.2", "Tanlash-2.2.csproj", "{CA456106-5BE4-435D-9D81-46E2CA6EB74E}"
EndProject
Global
	GlobalSection(SolutionConfigurationPlatforms) = preSolution
		Debug|Any CPU = Debug|Any CPU
		Release|Any CPU = Release|Any CPU
	EndGlobalSection
	GlobalSection(ProjectConfigurationPlatforms) = postSolution
		{CA456106-5BE4-435D-9D81-46E2CA6EB74E}.Debug|Any CPU.ActiveCfg = Debug|Any CPU
		{CA456106-5BE4-435D-9D81-46E2CA6EB74E}.Debug|Any CPU.Build.0 = Debug|Any CPU
		{CA456106-5BE4-435D-9D81-46E2CA6EB74E}.Release|Any CPU.ActiveCfg = Release|Any CPU
		{CA456106-5BE4-435D-9D81-46E2CA6EB74E}.Release|Any CPU.Build.0 = Release|Any CPU
	EndGlobalSection
	GlobalSection(SolutionProperties) = preSolution
		HideSolutionNode = FALSE
	EndGlobalSection
	GlobalSection(ExtensibilityGlobals) = postSolution
		SolutionGuid = {C89B5EAC-B498-44EF-86A9-9DFB0086C88C}
	EndGlobalSection
EndGlobal
